
Microsoft Visual Studio Solution File, Format Version 12.00
# Visual Studio Version 16
VisualStudioVersion = 16.0.32802.440
MinimumVisualStudioVersion = 10.0.40219.1
Project("{FAE04EC0-301F-11D3-BF4B-00C04F79EFBC}") = "Sistema", "Sistema\Sistema.csproj", "{A5972268-23FC-46BA-A7D2-A4667F5A525A}"
EndProject
Global
	GlobalSection(SolutionConfigurationPlatforms) = preSolution
		Debug|Any CPU = Debug|Any CPU
		Release|Any CPU = Release|Any CPU
	EndGlobalSection
	GlobalSection(ProjectConfigurationPlatforms) = postSolution
		{A5972268-23FC-46BA-A7D2-A4667F5A525A}.Debug|Any CPU.ActiveCfg = Debug|Any CPU
		{A5972268-23FC-46BA-A7D2-A4667F5A525A}.Debug|Any CPU.Build.0 = Debug|Any CPU
		{A5972268-23FC-46BA-A7D2-A4667F5A525A}.Release|Any CPU.ActiveCfg = Release|Any CPU
		{A5972268-23FC-46BA-A7D2-A4667F5A525A}.Release|Any CPU.Build.0 = Release|Any CPU
	EndGlobalSection
	GlobalSection(SolutionProperties) = preSolution
		HideSolutionNode = FALSE
	EndGlobalSection
	GlobalSection(ExtensibilityGlobals) = postSolution
		SolutionGuid = {4BD990CB-3DAF-4848-9102-C558E0D31243}
	EndGlobalSection
EndGlobal
